<?xml version="1.0"?>
<Project ToolsVersion="4.0" xmlns="http://schemas.microsoft.com/developer/msbuild/2003">
	<ItemGroup>
		<ClCompile Include="src\ofApp.cpp">
			<Filter>src</Filter>
		</ClCompile>
		<ClCompile Include="src\main.cpp">
			<Filter>src</Filter>
		</ClCompile>
		<ClCompile Include="src\main.cpp">
			<Filter>src</Filter>
		</ClCompile>
		<ClCompile Include="src\ofApp.cpp">
			<Filter>src</Filter>
		</ClCompile>
		<ClCompile Include="..\..\..\ExternalAddons\ofxVolumetrics\src\ofxTexture3d.cpp">
			<Filter>local_addons\ofxVolumetrics\src</Filter>
		</ClCompile>
		<ClCompile Include="..\..\..\ExternalAddons\ofxVolumetrics\src\ofxVolumetrics.cpp">
			<Filter>local_addons\ofxVolumetrics\src</Filter>
		</ClCompile>
	</ItemGroup>
	<ItemGroup>
		<Filter Include="src">
			<UniqueIdentifier>{d8376475-7454-4a24-b08a-aac121d3ad6f}</UniqueIdentifier>
		</Filter>
		<Filter Include="local_addons">
			<UniqueIdentifier>{DE6745C7-E99D-D8E0-F77D-C032}</UniqueIdentifier>
		</Filter>
		<Filter Include="local_addons\ofxVolumetrics">
			<UniqueIdentifier>{F463EF4C-9E67-6DCD-CF47-8C89}</UniqueIdentifier>
		</Filter>
		<Filter Include="local_addons\ofxVolumetrics\src">
			<UniqueIdentifier>{0D2FE0F4-C50A-9576-7C2B-97D2}</UniqueIdentifier>
		</Filter>
	</ItemGroup>
	<ItemGroup>
		<ClInclude Include="src\ofApp.h">
			<Filter>src</Filter>
		</ClInclude>
		<ClInclude Include="src\ofApp.h">
			<Filter>src</Filter>
		</ClInclude>
		<ClInclude Include="..\..\..\ExternalAddons\ofxVolumetrics\src\ofxImageSequencePlayer.h">
			<Filter>local_addons\ofxVolumetrics\src</Filter>
		</ClInclude>
		<ClInclude Include="..\..\..\ExternalAddons\ofxVolumetrics\src\ofxTexture3d.h">
			<Filter>local_addons\ofxVolumetrics\src</Filter>
		</ClInclude>
		<ClInclude Include="..\..\..\ExternalAddons\ofxVolumetrics\src\ofxVolumetrics.h">
			<Filter>local_addons\ofxVolumetrics\src</Filter>
		</ClInclude>
	</ItemGroup>
	<ItemGroup>
		<ResourceCompile Include="icon.rc" />
	</ItemGroup>
</Project>
